// !$*UTF8*$!
{
	archiveVersion = 1;
	classes = {
	};
	objectVersion = 50;
	objects = {

/* Begin PBXBuildFile section */
		D54739D42187CD65004D1DF4 /* AppDelegate.swift in Sources */ = {isa = PBXBuildFile; fileRef = D54739D32187CD65004D1DF4 /* AppDelegate.swift */; };
		D54739D92187CD65004D1DF4 /* Main.storyboard in Resources */ = {isa = PBXBuildFile; fileRef = D54739D72187CD65004D1DF4 /* Main.storyboard */; };
		D54739DE2187CD70004D1DF4 /* LaunchScreen.storyboard in Resources */ = {isa = PBXBuildFile; fileRef = D54739DC2187CD70004D1DF4 /* LaunchScreen.storyboard */; };
		D54739E92187CD70004D1DF4 /* SimpleAppTests.swift in Sources */ = {isa = PBXBuildFile; fileRef = D54739E82187CD70004D1DF4 /* SimpleAppTests.swift */; };
		D54739F42187CD70004D1DF4 /* SimpleAppUITests.swift in Sources */ = {isa = PBXBuildFile; fileRef = D54739F32187CD70004D1DF4 /* SimpleAppUITests.swift */; };
		D5473A022187CDFD004D1DF4 /* ItemsViewController.swift in Sources */ = {isa = PBXBuildFile; fileRef = D5473A012187CDFD004D1DF4 /* ItemsViewController.swift */; };
		D5473A042187D18A004D1DF4 /* Log.swift in Sources */ = {isa = PBXBuildFile; fileRef = D5473A032187D18A004D1DF4 /* Log.swift */; };
		D5473A062187D520004D1DF4 /* LogStore.swift in Sources */ = {isa = PBXBuildFile; fileRef = D5473A052187D520004D1DF4 /* LogStore.swift */; };
		D5473A082187E413004D1DF4 /* ConversionViewController.swift in Sources */ = {isa = PBXBuildFile; fileRef = D5473A072187E413004D1DF4 /* ConversionViewController.swift */; };
		D5473A102187F42E004D1DF4 /* Images.xcassets in Resources */ = {isa = PBXBuildFile; fileRef = D5473A0F2187F42E004D1DF4 /* Images.xcassets */; };
/* End PBXBuildFile section */

/* Begin PBXContainerItemProxy section */
		D54739E52187CD70004D1DF4 /* PBXContainerItemProxy */ = {
			isa = PBXContainerItemProxy;
			containerPortal = D54739C82187CD65004D1DF4 /* Project object */;
			proxyType = 1;
			remoteGlobalIDString = D54739CF2187CD65004D1DF4;
			remoteInfo = SimpleApp;
		};
		D54739F02187CD70004D1DF4 /* PBXContainerItemProxy */ = {
			isa = PBXContainerItemProxy;
			containerPortal = D54739C82187CD65004D1DF4 /* Project object */;
			proxyType = 1;
			remoteGlobalIDString = D54739CF2187CD65004D1DF4;
			remoteInfo = SimpleApp;
		};
/* End PBXContainerItemProxy section */

/* Begin PBXFileReference section */
		D54739D02187CD65004D1DF4 /* SimpleApp.app */ = {isa = PBXFileReference; explicitFileType = wrapper.application; includeInIndex = 0; path = SimpleApp.app; sourceTree = BUILT_PRODUCTS_DIR; };
		D54739D32187CD65004D1DF4 /* AppDelegate.swift */ = {isa = PBXFileReference; lastKnownFileType = sourcecode.swift; path = AppDelegate.swift; sourceTree = "<group>"; };
		D54739D82187CD65004D1DF4 /* Base */ = {isa = PBXFileReference; lastKnownFileType = file.storyboard; name = Base; path = Base.lproj/Main.storyboard; sourceTree = "<group>"; };
		D54739DD2187CD70004D1DF4 /* Base */ = {isa = PBXFileReference; lastKnownFileType = file.storyboard; name = Base; path = Base.lproj/LaunchScreen.storyboard; sourceTree = "<group>"; };
		D54739DF2187CD70004D1DF4 /* Info.plist */ = {isa = PBXFileReference; lastKnownFileType = text.plist.xml; path = Info.plist; sourceTree = "<group>"; };
		D54739E42187CD70004D1DF4 /* SimpleAppTests.xctest */ = {isa = PBXFileReference; explicitFileType = wrapper.cfbundle; includeInIndex = 0; path = SimpleAppTests.xctest; sourceTree = BUILT_PRODUCTS_DIR; };
		D54739E82187CD70004D1DF4 /* SimpleAppTests.swift */ = {isa = PBXFileReference; lastKnownFileType = sourcecode.swift; path = SimpleAppTests.swift; sourceTree = "<group>"; };
		D54739EA2187CD70004D1DF4 /* Info.plist */ = {isa = PBXFileReference; lastKnownFileType = text.plist.xml; path = Info.plist; sourceTree = "<group>"; };
		D54739EF2187CD70004D1DF4 /* SimpleAppUITests.xctest */ = {isa = PBXFileReference; explicitFileType = wrapper.cfbundle; includeInIndex = 0; path = SimpleAppUITests.xctest; sourceTree = BUILT_PRODUCTS_DIR; };
		D54739F32187CD70004D1DF4 /* SimpleAppUITests.swift */ = {isa = PBXFileReference; lastKnownFileType = sourcecode.swift; path = SimpleAppUITests.swift; sourceTree = "<group>"; };
		D54739F52187CD70004D1DF4 /* Info.plist */ = {isa = PBXFileReference; lastKnownFileType = text.plist.xml; path = Info.plist; sourceTree = "<group>"; };
		D5473A012187CDFD004D1DF4 /* ItemsViewController.swift */ = {isa = PBXFileReference; lastKnownFileType = sourcecode.swift; path = ItemsViewController.swift; sourceTree = "<group>"; };
		D5473A032187D18A004D1DF4 /* Log.swift */ = {isa = PBXFileReference; lastKnownFileType = sourcecode.swift; path = Log.swift; sourceTree = "<group>"; };
		D5473A052187D520004D1DF4 /* LogStore.swift */ = {isa = PBXFileReference; lastKnownFileType = sourcecode.swift; path = LogStore.swift; sourceTree = "<group>"; };
		D5473A072187E413004D1DF4 /* ConversionViewController.swift */ = {isa = PBXFileReference; lastKnownFileType = sourcecode.swift; path = ConversionViewController.swift; sourceTree = "<group>"; };
		D5473A0F2187F42E004D1DF4 /* Images.xcassets */ = {isa = PBXFileReference; lastKnownFileType = folder.assetcatalog; path = Images.xcassets; sourceTree = "<group>"; };
/* End PBXFileReference section */

/* Begin PBXFrameworksBuildPhase section */
		D54739CD2187CD65004D1DF4 /* Frameworks */ = {
			isa = PBXFrameworksBuildPhase;
			buildActionMask = 2147483647;
			files = (
			);
			runOnlyForDeploymentPostprocessing = 0;
		};
		D54739E12187CD70004D1DF4 /* Frameworks */ = {
			isa = PBXFrameworksBuildPhase;
			buildActionMask = 2147483647;
			files = (
			);
			runOnlyForDeploymentPostprocessing = 0;
		};
		D54739EC2187CD70004D1DF4 /* Frameworks */ = {
			isa = PBXFrameworksBuildPhase;
			buildActionMask = 2147483647;
			files = (
			);
			runOnlyForDeploymentPostprocessing = 0;
		};
/* End PBXFrameworksBuildPhase section */

/* Begin PBXGroup section */
		D54739C72187CD65004D1DF4 = {
			isa = PBXGroup;
			children = (
				D54739D22187CD65004D1DF4 /* SimpleApp */,
				D54739E72187CD70004D1DF4 /* SimpleAppTests */,
				D54739F22187CD70004D1DF4 /* SimpleAppUITests */,
				D54739D12187CD65004D1DF4 /* Products */,
			);
			sourceTree = "<group>";
		};
		D54739D12187CD65004D1DF4 /* Products */ = {
			isa = PBXGroup;
			children = (
				D54739D02187CD65004D1DF4 /* SimpleApp.app */,
				D54739E42187CD70004D1DF4 /* SimpleAppTests.xctest */,
				D54739EF2187CD70004D1DF4 /* SimpleAppUITests.xctest */,
			);
			name = Products;
			sourceTree = "<group>";
		};
		D54739D22187CD65004D1DF4 /* SimpleApp */ = {
			isa = PBXGroup;
			children = (
				D54739D32187CD65004D1DF4 /* AppDelegate.swift */,
				D54739D72187CD65004D1DF4 /* Main.storyboard */,
				D54739DC2187CD70004D1DF4 /* LaunchScreen.storyboard */,
				D54739DF2187CD70004D1DF4 /* Info.plist */,
				D5473A012187CDFD004D1DF4 /* ItemsViewController.swift */,
				D5473A032187D18A004D1DF4 /* Log.swift */,
				D5473A052187D520004D1DF4 /* LogStore.swift */,
				D5473A072187E413004D1DF4 /* ConversionViewController.swift */,
				D5473A0F2187F42E004D1DF4 /* Images.xcassets */,
			);
			path = SimpleApp;
			sourceTree = "<group>";
		};
		D54739E72187CD70004D1DF4 /* SimpleAppTests */ = {
			isa = PBXGroup;
			children = (
				D54739E82187CD70004D1DF4 /* SimpleAppTests.swift */,
				D54739EA2187CD70004D1DF4 /* Info.plist */,
			);
			path = SimpleAppTests;
			sourceTree = "<group>";
		};
		D54739F22187CD70004D1DF4 /* SimpleAppUITests */ = {
			isa = PBXGroup;
			children = (
				D54739F32187CD70004D1DF4 /* SimpleAppUITests.swift */,
				D54739F52187CD70004D1DF4 /* Info.plist */,
			);
			path = SimpleAppUITests;
			sourceTree = "<group>";
		};
/* End PBXGroup section */

/* Begin PBXNativeTarget section */
		D54739CF2187CD65004D1DF4 /* SimpleApp */ = {
			isa = PBXNativeTarget;
			buildConfigurationList = D54739F82187CD70004D1DF4 /* Build configuration list for PBXNativeTarget "SimpleApp" */;
			buildPhases = (
				D54739CC2187CD65004D1DF4 /* Sources */,
				D54739CD2187CD65004D1DF4 /* Frameworks */,
				D54739CE2187CD65004D1DF4 /* Resources */,
			);
			buildRules = (
			);
			dependencies = (
			);
			name = SimpleApp;
			productName = SimpleApp;
			productReference = D54739D02187CD65004D1DF4 /* SimpleApp.app */;
			productType = "com.apple.product-type.application";
		};
		D54739E32187CD70004D1DF4 /* SimpleAppTests */ = {
			isa = PBXNativeTarget;
			buildConfigurationList = D54739FB2187CD70004D1DF4 /* Build configuration list for PBXNativeTarget "SimpleAppTests" */;
			buildPhases = (
				D54739E02187CD70004D1DF4 /* Sources */,
				D54739E12187CD70004D1DF4 /* Frameworks */,
				D54739E22187CD70004D1DF4 /* Resources */,
			);
			buildRules = (
			);
			dependencies = (
				D54739E62187CD70004D1DF4 /* PBXTargetDependency */,
			);
			name = SimpleAppTests;
			productName = SimpleAppTests;
			productReference = D54739E42187CD70004D1DF4 /* SimpleAppTests.xctest */;
			productType = "com.apple.product-type.bundle.unit-test";
		};
		D54739EE2187CD70004D1DF4 /* SimpleAppUITests */ = {
			isa = PBXNativeTarget;
			buildConfigurationList = D54739FE2187CD70004D1DF4 /* Build configuration list for PBXNativeTarget "SimpleAppUITests" */;
			buildPhases = (
				D54739EB2187CD70004D1DF4 /* Sources */,
				D54739EC2187CD70004D1DF4 /* Frameworks */,
				D54739ED2187CD70004D1DF4 /* Resources */,
			);
			buildRules = (
			);
			dependencies = (
				D54739F12187CD70004D1DF4 /* PBXTargetDependency */,
			);
			name = SimpleAppUITests;
			productName = SimpleAppUITests;
			productReference = D54739EF2187CD70004D1DF4 /* SimpleAppUITests.xctest */;
			productType = "com.apple.product-type.bundle.ui-testing";
		};
/* End PBXNativeTarget section */

/* Begin PBXProject section */
		D54739C82187CD65004D1DF4 /* Project object */ = {
			isa = PBXProject;
			attributes = {
				LastSwiftUpdateCheck = 1000;
				LastUpgradeCheck = 1000;
				ORGANIZATIONNAME = "King Ultimat0's Fabulous Creations";
				TargetAttributes = {
					D54739CF2187CD65004D1DF4 = {
						CreatedOnToolsVersion = 10.0;
					};
					D54739E32187CD70004D1DF4 = {
						CreatedOnToolsVersion = 10.0;
						TestTargetID = D54739CF2187CD65004D1DF4;
					};
					D54739EE2187CD70004D1DF4 = {
						CreatedOnToolsVersion = 10.0;
						TestTargetID = D54739CF2187CD65004D1DF4;
					};
				};
			};
			buildConfigurationList = D54739CB2187CD65004D1DF4 /* Build configuration list for PBXProject "SimpleApp" */;
			compatibilityVersion = "Xcode 9.3";
			developmentRegion = en;
			hasScannedForEncodings = 0;
			knownRegions = (
				en,
				Base,
			);
			mainGroup = D54739C72187CD65004D1DF4;
			productRefGroup = D54739D12187CD65004D1DF4 /* Products */;
			projectDirPath = "";
			projectRoot = "";
			targets = (
				D54739CF2187CD65004D1DF4 /* SimpleApp */,
				D54739E32187CD70004D1DF4 /* SimpleAppTests */,
				D54739EE2187CD70004D1DF4 /* SimpleAppUITests */,
			);
		};
/* End PBXProject section */

/* Begin PBXResourcesBuildPhase section */
		D54739CE2187CD65004D1DF4 /* Resources */ = {
			isa = PBXResourcesBuildPhase;
			buildActionMask = 2147483647;
			files = (
				D54739DE2187CD70004D1DF4 /* LaunchScreen.storyboard in Resources */,
				D5473A102187F42E004D1DF4 /* Images.xcassets in Resources */,
				D54739D92187CD65004D1DF4 /* Main.storyboard in Resources */,
			);
			runOnlyForDeploymentPostprocessing = 0;
		};
		D54739E22187CD70004D1DF4 /* Resources */ = {
			isa = PBXResourcesBuildPhase;
			buildActionMask = 2147483647;
			files = (
			);
			runOnlyForDeploymentPostprocessing = 0;
		};
		D54739ED2187CD70004D1DF4 /* Resources */ = {
			isa = PBXResourcesBuildPhase;
			buildActionMask = 2147483647;
			files = (
			);
			runOnlyForDeploymentPostprocessing = 0;
		};
/* End PBXResourcesBuildPhase section */

/* Begin PBXSourcesBuildPhase section */
		D54739CC2187CD65004D1DF4 /* Sources */ = {
			isa = PBXSourcesBuildPhase;
			buildActionMask = 2147483647;
			files = (
				D5473A062187D520004D1DF4 /* LogStore.swift in Sources */,
				D5473A082187E413004D1DF4 /* ConversionViewController.swift in Sources */,
				D5473A022187CDFD004D1DF4 /* ItemsViewController.swift in Sources */,
				D54739D42187CD65004D1DF4 /* AppDelegate.swift in Sources */,
				D5473A042187D18A004D1DF4 /* Log.swift in Sources */,
			);
			runOnlyForDeploymentPostprocessing = 0;
		};
		D54739E02187CD70004D1DF4 /* Sources */ = {
			isa = PBXSourcesBuildPhase;
			buildActionMask = 2147483647;
			files = (
				D54739E92187CD70004D1DF4 /* SimpleAppTests.swift in Sources */,
			);
			runOnlyForDeploymentPostprocessing = 0;
		};
		D54739EB2187CD70004D1DF4 /* Sources */ = {
			isa = PBXSourcesBuildPhase;
			buildActionMask = 2147483647;
			files = (
				D54739F42187CD70004D1DF4 /* SimpleAppUITests.swift in Sources */,
			);
			runOnlyForDeploymentPostprocessing = 0;
		};
/* End PBXSourcesBuildPhase section */

/* Begin PBXTargetDependency section */
		D54739E62187CD70004D1DF4 /* PBXTargetDependency */ = {
			isa = PBXTargetDependency;
			target = D54739CF2187CD65004D1DF4 /* SimpleApp */;
			targetProxy = D54739E52187CD70004D1DF4 /* PBXContainerItemProxy */;
		};
		D54739F12187CD70004D1DF4 /* PBXTargetDependency */ = {
			isa = PBXTargetDependency;
			target = D54739CF2187CD65004D1DF4 /* SimpleApp */;
			targetProxy = D54739F02187CD70004D1DF4 /* PBXContainerItemProxy */;
		};
/* End PBXTargetDependency section */

/* Begin PBXVariantGroup section */
		D54739D72187CD65004D1DF4 /* Main.storyboard */ = {
			isa = PBXVariantGroup;
			children = (
				D54739D82187CD65004D1DF4 /* Base */,
			);
			name = Main.storyboard;
			sourceTree = "<group>";
		};
		D54739DC2187CD70004D1DF4 /* LaunchScreen.storyboard */ = {
			isa = PBXVariantGroup;
			children = (
				D54739DD2187CD70004D1DF4 /* Base */,
			);
			name = LaunchScreen.storyboard;
			sourceTree = "<group>";
		};
/* End PBXVariantGroup section */

/* Begin XCBuildConfiguration section */
		D54739F62187CD70004D1DF4 /* Debug */ = {
			isa = XCBuildConfiguration;
			buildSettings = {
				ALWAYS_SEARCH_USER_PATHS = NO;
				CLANG_ANALYZER_NONNULL = YES;
				CLANG_ANALYZER_NUMBER_OBJECT_CONVERSION = YES_AGGRESSIVE;
				CLANG_CXX_LANGUAGE_STANDARD = "gnu++14";
				CLANG_CXX_LIBRARY = "libc++";
				CLANG_ENABLE_MODULES = YES;
				CLANG_ENABLE_OBJC_ARC = YES;
				CLANG_ENABLE_OBJC_WEAK = YES;
				CLANG_WARN_BLOCK_CAPTURE_AUTORELEASING = YES;
				CLANG_WARN_BOOL_CONVERSION = YES;
				CLANG_WARN_COMMA = YES;
				CLANG_WARN_CONSTANT_CONVERSION = YES;
				CLANG_WARN_DEPRECATED_OBJC_IMPLEMENTATIONS = YES;
				CLANG_WARN_DIRECT_OBJC_ISA_USAGE = YES_ERROR;
				CLANG_WARN_DOCUMENTATION_COMMENTS = YES;
				CLANG_WARN_EMPTY_BODY = YES;
				CLANG_WARN_ENUM_CONVERSION = YES;
				CLANG_WARN_INFINITE_RECURSION = YES;
				CLANG_WARN_INT_CONVERSION = YES;
				CLANG_WARN_NON_LITERAL_NULL_CONVERSION = YES;
				CLANG_WARN_OBJC_IMPLICIT_RETAIN_SELF = YES;
				CLANG_WARN_OBJC_LITERAL_CONVERSION = YES;
				CLANG_WARN_OBJC_ROOT_CLASS = YES_ERROR;
				CLANG_WARN_RANGE_LOOP_ANALYSIS = YES;
				CLANG_WARN_STRICT_PROTOTYPES = YES;
				CLANG_WARN_SUSPICIOUS_MOVE = YES;
				CLANG_WARN_UNGUARDED_AVAILABILITY = YES_AGGRESSIVE;
				CLANG_WARN_UNREACHABLE_CODE = YES;
				CLANG_WARN__DUPLICATE_METHOD_MATCH = YES;
				CODE_SIGN_IDENTITY = "iPhone Developer";
				COPY_PHASE_STRIP = NO;
				DEBUG_INFORMATION_FORMAT = dwarf;
				ENABLE_STRICT_OBJC_MSGSEND = YES;
				ENABLE_TESTABILITY = YES;
				GCC_C_LANGUAGE_STANDARD = gnu11;
				GCC_DYNAMIC_NO_PIC = NO;
				GCC_NO_COMMON_BLOCKS = YES;
				GCC_OPTIMIZATION_LEVEL = 0;
				GCC_PREPROCESSOR_DEFINITIONS = (
					"DEBUG=1",
					"$(inherited)",
				);
				GCC_WARN_64_TO_32_BIT_CONVERSION = YES;
				GCC_WARN_ABOUT_RETURN_TYPE = YES_ERROR;
				GCC_WARN_UNDECLARED_SELECTOR = YES;
				GCC_WARN_UNINITIALIZED_AUTOS = YES_AGGRESSIVE;
				GCC_WARN_UNUSED_FUNCTION = YES;
				GCC_WARN_UNUSED_VARIABLE = YES;
				IPHONEOS_DEPLOYMENT_TARGET = 11.3;
				MTL_ENABLE_DEBUG_INFO = INCLUDE_SOURCE;
				MTL_FAST_MATH = YES;
				ONLY_ACTIVE_ARCH = YES;
				SDKROOT = iphoneos11.3;
				SWIFT_ACTIVE_COMPILATION_CONDITIONS = DEBUG;
				SWIFT_OPTIMIZATION_LEVEL = "-Onone";
			};
			name = Debug;
		};
		D54739F72187CD70004D1DF4 /* Release */ = {
			isa = XCBuildConfiguration;
			buildSettings = {
				ALWAYS_SEARCH_USER_PATHS = NO;
				CLANG_ANALYZER_NONNULL = YES;
				CLANG_ANALYZER_NUMBER_OBJECT_CONVERSION = YES_AGGRESSIVE;
				CLANG_CXX_LANGUAGE_STANDARD = "gnu++14";
				CLANG_CXX_LIBRARY = "libc++";
				CLANG_ENABLE_MODULES = YES;
				CLANG_ENABLE_OBJC_ARC = YES;
				CLANG_ENABLE_OBJC_WEAK = YES;
				CLANG_WARN_BLOCK_CAPTURE_AUTORELEASING = YES;
				CLANG_WARN_BOOL_CONVERSION = YES;
				CLANG_WARN_COMMA = YES;
				CLANG_WARN_CONSTANT_CONVERSION = YES;
				CLANG_WARN_DEPRECATED_OBJC_IMPLEMENTATIONS = YES;
				CLANG_WARN_DIRECT_OBJC_ISA_USAGE = YES_ERROR;
				CLANG_WARN_DOCUMENTATION_COMMENTS = YES;
				CLANG_WARN_EMPTY_BODY = YES;
				CLANG_WARN_ENUM_CONVERSION = YES;
				CLANG_WARN_INFINITE_RECURSION = YES;
				CLANG_WARN_INT_CONVERSION = YES;
				CLANG_WARN_NON_LITERAL_NULL_CONVERSION = YES;
				CLANG_WARN_OBJC_IMPLICIT_RETAIN_SELF = YES;
				CLANG_WARN_OBJC_LITERAL_CONVERSION = YES;
				CLANG_WARN_OBJC_ROOT_CLASS = YES_ERROR;
				CLANG_WARN_RANGE_LOOP_ANALYSIS = YES;
				CLANG_WARN_STRICT_PROTOTYPES = YES;
				CLANG_WARN_SUSPICIOUS_MOVE = YES;
				CLANG_WARN_UNGUARDED_AVAILABILITY = YES_AGGRESSIVE;
				CLANG_WARN_UNREACHABLE_CODE = YES;
				CLANG_WARN__DUPLICATE_METHOD_MATCH = YES;
				CODE_SIGN_IDENTITY = "iPhone Developer";
				COPY_PHASE_STRIP = NO;
				DEBUG_INFORMATION_FORMAT = "dwarf-with-dsym";
				ENABLE_NS_ASSERTIONS = NO;
				ENABLE_STRICT_OBJC_MSGSEND = YES;
				GCC_C_LANGUAGE_STANDARD = gnu11;
				GCC_NO_COMMON_BLOCKS = YES;
				GCC_WARN_64_TO_32_BIT_CONVERSION = YES;
				GCC_WARN_ABOUT_RETURN_TYPE = YES_ERROR;
				GCC_WARN_UNDECLARED_SELECTOR = YES;
				GCC_WARN_UNINITIALIZED_AUTOS = YES_AGGRESSIVE;
				GCC_WARN_UNUSED_FUNCTION = YES;
				GCC_WARN_UNUSED_VARIABLE = YES;
				IPHONEOS_DEPLOYMENT_TARGET = 11.3;
				MTL_ENABLE_DEBUG_INFO = NO;
				MTL_FAST_MATH = YES;
				SDKROOT = iphoneos11.3;
				SWIFT_COMPILATION_MODE = wholemodule;
				SWIFT_OPTIMIZATION_LEVEL = "-O";
				VALIDATE_PRODUCT = YES;
			};
			name = Release;
		};
		D54739F92187CD70004D1DF4 /* Debug */ = {
			isa = XCBuildConfiguration;
			buildSettings = {
				ASSETCATALOG_COMPILER_APPICON_NAME = AppIcon;
				ASSETCATALOG_COMPILER_LAUNCHIMAGE_NAME = LaunchImage;
				CODE_SIGN_STYLE = Automatic;
				INFOPLIST_FILE = SimpleApp/Info.plist;
				LD_RUNPATH_SEARCH_PATHS = (
					"$(inherited)",
					"@executable_path/Frameworks",
				);
				PRODUCT_BUNDLE_IDENTIFIER = KOFC.SimpleApp;
				PRODUCT_NAME = "$(TARGET_NAME)";
				SWIFT_VERSION = 4.2;
				TARGETED_DEVICE_FAMILY = "1,2";
			};
			name = Debug;
		};
		D54739FA2187CD70004D1DF4 /* Release */ = {
			isa = XCBuildConfiguration;
			buildSettings = {
				ASSETCATALOG_COMPILER_APPICON_NAME = AppIcon;
				ASSETCATALOG_COMPILER_LAUNCHIMAGE_NAME = LaunchImage;
				CODE_SIGN_STYLE = Automatic;
				INFOPLIST_FILE = SimpleApp/Info.plist;
				LD_RUNPATH_SEARCH_PATHS = (
					"$(inherited)",
					"@executable_path/Frameworks",
				);
				PRODUCT_BUNDLE_IDENTIFIER = KOFC.SimpleApp;
				PRODUCT_NAME = "$(TARGET_NAME)";
				SWIFT_VERSION = 4.2;
				TARGETED_DEVICE_FAMILY = "1,2";
			};
			name = Release;
		};
		D54739FC2187CD70004D1DF4 /* Debug */ = {
			isa = XCBuildConfiguration;
			buildSettings = {
				ALWAYS_EMBED_SWIFT_STANDARD_LIBRARIES = YES;
				BUNDLE_LOADER = "$(TEST_HOST)";
				CODE_SIGN_STYLE = Automatic;
				INFOPLIST_FILE = SimpleAppTests/Info.plist;
				LD_RUNPATH_SEARCH_PATHS = (
					"$(inherited)",
					"@executable_path/Frameworks",
					"@loader_path/Frameworks",
				);
				PRODUCT_BUNDLE_IDENTIFIER = KOFC.SimpleAppTests;
				PRODUCT_NAME = "$(TARGET_NAME)";
				SWIFT_VERSION = 4.2;
				TARGETED_DEVICE_FAMILY = "1,2";
				TEST_HOST = "$(BUILT_PRODUCTS_DIR)/SimpleApp.app/SimpleApp";
			};
			name = Debug;
		};
		D54739FD2187CD70004D1DF4 /* Release */ = {
			isa = XCBuildConfiguration;
			buildSettings = {
				ALWAYS_EMBED_SWIFT_STANDARD_LIBRARIES = YES;
				BUNDLE_LOADER = "$(TEST_HOST)";
				CODE_SIGN_STYLE = Automatic;
				INFOPLIST_FILE = SimpleAppTests/Info.plist;
				LD_RUNPATH_SEARCH_PATHS = (
					"$(inherited)",
					"@executable_path/Frameworks",
					"@loader_path/Frameworks",
				);
				PRODUCT_BUNDLE_IDENTIFIER = KOFC.SimpleAppTests;
				PRODUCT_NAME = "$(TARGET_NAME)";
				SWIFT_VERSION = 4.2;
				TARGETED_DEVICE_FAMILY = "1,2";
				TEST_HOST = "$(BUILT_PRODUCTS_DIR)/SimpleApp.app/SimpleApp";
			};
			name = Release;
		};
		D54739FF2187CD70004D1DF4 /* Debug */ = {
			isa = XCBuildConfiguration;
			buildSettings = {
				ALWAYS_EMBED_SWIFT_STANDARD_LIBRARIES = YES;
				CODE_SIGN_STYLE = Automatic;
				INFOPLIST_FILE = SimpleAppUITests/Info.plist;
				LD_RUNPATH_SEARCH_PATHS = (
					"$(inherited)",
					"@executable_path/Frameworks",
					"@loader_path/Frameworks",
				);
				PRODUCT_BUNDLE_IDENTIFIER = KOFC.SimpleAppUITests;
				PRODUCT_NAME = "$(TARGET_NAME)";
				SWIFT_VERSION = 4.2;
				TARGETED_DEVICE_FAMILY = "1,2";
				TEST_TARGET_NAME = SimpleApp;
			};
			name = Debug;
		};
		D5473A002187CD70004D1DF4 /* Release */ = {
			isa = XCBuildConfiguration;
			buildSettings = {
				ALWAYS_EMBED_SWIFT_STANDARD_LIBRARIES = YES;
				CODE_SIGN_STYLE = Automatic;
				INFOPLIST_FILE = SimpleAppUITests/Info.plist;
				LD_RUNPATH_SEARCH_PATHS = (
					"$(inherited)",
					"@executable_path/Frameworks",
					"@loader_path/Frameworks",
				);
				PRODUCT_BUNDLE_IDENTIFIER = KOFC.SimpleAppUITests;
				PRODUCT_NAME = "$(TARGET_NAME)";
				SWIFT_VERSION = 4.2;
				TARGETED_DEVICE_FAMILY = "1,2";
				TEST_TARGET_NAME = SimpleApp;
			};
			name = Release;
		};
/* End XCBuildConfiguration section */

/* Begin XCConfigurationList section */
		D54739CB2187CD65004D1DF4 /* Build configuration list for PBXProject "SimpleApp" */ = {
			isa = XCConfigurationList;
			buildConfigurations = (
				D54739F62187CD70004D1DF4 /* Debug */,
				D54739F72187CD70004D1DF4 /* Release */,
			);
			defaultConfigurationIsVisible = 0;
			defaultConfigurationName = Release;
		};
		D54739F82187CD70004D1DF4 /* Build configuration list for PBXNativeTarget "SimpleApp" */ = {
			isa = XCConfigurationList;
			buildConfigurations = (
				D54739F92187CD70004D1DF4 /* Debug */,
				D54739FA2187CD70004D1DF4 /* Release */,
			);
			defaultConfigurationIsVisible = 0;
			defaultConfigurationName = Release;
		};
		D54739FB2187CD70004D1DF4 /* Build configuration list for PBXNativeTarget "SimpleAppTests" */ = {
			isa = XCConfigurationList;
			buildConfigurations = (
				D54739FC2187CD70004D1DF4 /* Debug */,
				D54739FD2187CD70004D1DF4 /* Release */,
			);
			defaultConfigurationIsVisible = 0;
			defaultConfigurationName = Release;
		};
		D54739FE2187CD70004D1DF4 /* Build configuration list for PBXNativeTarget "SimpleAppUITests" */ = {
			isa = XCConfigurationList;
			buildConfigurations = (
				D54739FF2187CD70004D1DF4 /* Debug */,
				D5473A002187CD70004D1DF4 /* Release */,
			);
			defaultConfigurationIsVisible = 0;
			defaultConfigurationName = Release;
		};
/* End XCConfigurationList section */
	};
	rootObject = D54739C82187CD65004D1DF4 /* Project object */;
}
